# THIS IS AN AUTOGENERATED FILE. DO NOT EDIT THIS FILE DIRECTLY.
# yarn lockfile v1


simple-datastructures-js@^1.0.1:
  version "1.0.1"
  resolved "https://registry.yarnpkg.com/simple-datastructures-js/-/simple-datastructures-js-1.0.1.tgz#0d4148449ebe86a3ef6e1e24a2dd238367e56f5b"
  integrity sha512-UF+YkfFLzJXfOgKir6TN9YAyZkrYdjE7MXSIXs779ODnRubGQjNK4/pHTOADema5wBAXV8VwrI5seWJwfzGrkw==
